
Microsoft Visual Studio Solution File, Format Version 12.00
# Visual Studio Version 16
VisualStudioVersion = 16.0.31613.86
MinimumVisualStudioVersion = 10.0.40219.1
Project("{FAE04EC0-301F-11D3-BF4B-00C04F79EFBC}") = "DBContext", "DBContext.csproj", "{96B88DDE-CB95-4464-A187-60D9FA0C2D27}"
EndProject
Global
	GlobalSection(SolutionConfigurationPlatforms) = preSolution
		Debug|Any CPU = Debug|Any CPU
		Release|Any CPU = Release|Any CPU
	EndGlobalSection
	GlobalSection(ProjectConfigurationPlatforms) = postSolution
		{96B88DDE-CB95-4464-A187-60D9FA0C2D27}.Debug|Any CPU.ActiveCfg = Debug|Any CPU
		{96B88DDE-CB95-4464-A187-60D9FA0C2D27}.Debug|Any CPU.Build.0 = Debug|Any CPU
		{96B88DDE-CB95-4464-A187-60D9FA0C2D27}.Release|Any CPU.ActiveCfg = Release|Any CPU
		{96B88DDE-CB95-4464-A187-60D9FA0C2D27}.Release|Any CPU.Build.0 = Release|Any CPU
	EndGlobalSection
	GlobalSection(SolutionProperties) = preSolution
		HideSolutionNode = FALSE
	EndGlobalSection
	GlobalSection(ExtensibilityGlobals) = postSolution
		SolutionGuid = {D3A0B9E0-A974-4C7B-9D7B-FB98E5DE92F2}
	EndGlobalSection
EndGlobal
